
Microsoft Visual Studio Solution File, Format Version 12.00
# Visual Studio Version 16
VisualStudioVersion = 16.0.31624.102
MinimumVisualStudioVersion = 10.0.40219.1
Project("{FAE04EC0-301F-11D3-BF4B-00C04F79EFBC}") = "Inv3", "Inv3\Inv3.csproj", "{D86ACF31-7354-4515-88D6-8A335D6BCF12}"
EndProject
Global
	GlobalSection(SolutionConfigurationPlatforms) = preSolution
		Debug|Any CPU = Debug|Any CPU
		Release|Any CPU = Release|Any CPU
	EndGlobalSection
	GlobalSection(ProjectConfigurationPlatforms) = postSolution
		{D86ACF31-7354-4515-88D6-8A335D6BCF12}.Debug|Any CPU.ActiveCfg = Debug|Any CPU
		{D86ACF31-7354-4515-88D6-8A335D6BCF12}.Debug|Any CPU.Build.0 = Debug|Any CPU
		{D86ACF31-7354-4515-88D6-8A335D6BCF12}.Release|Any CPU.ActiveCfg = Release|Any CPU
		{D86ACF31-7354-4515-88D6-8A335D6BCF12}.Release|Any CPU.Build.0 = Release|Any CPU
	EndGlobalSection
	GlobalSection(SolutionProperties) = preSolution
		HideSolutionNode = FALSE
	EndGlobalSection
	GlobalSection(ExtensibilityGlobals) = postSolution
		SolutionGuid = {F9B780F5-CEFB-4823-847D-03B9C9FCBE5D}
	EndGlobalSection
EndGlobal
